[root]
name = "kinetic-rust"
version = "0.0.3"
dependencies = [
 "protobuf 0.0.1 (git+https://github.com/stepancheg/rust-protobuf.git)",
 "rust-crypto 0.1.0 (git+https://github.com/DaGenix/rust-crypto.git)",
]

[[package]]
name = "protobuf"
version = "0.0.1"
source = "git+https://github.com/stepancheg/rust-protobuf.git#e76f91a7c145febc26022da5a733aab6f9190cf4"

[[package]]
name = "rust-crypto"
version = "0.1.0"
source = "git+https://github.com/DaGenix/rust-crypto.git#a76a43d7f2ce979e16fe63ff56e333a751a1d1aa"

